
Microsoft Visual Studio Solution File, Format Version 12.00
# Visual Studio 15
VisualStudioVersion = 15.0.26020.0
MinimumVisualStudioVersion = 10.0.40219.1
Project("{2150E333-8FDC-42A3-9474-1A3956D46DE8}") = "src", "src", "{B78CF3D1-77E7-4170-8E4A-500CA45D0D5A}"
EndProject
Project("{2150E333-8FDC-42A3-9474-1A3956D46DE8}") = "Solution Items", "Solution Items", "{601F1857-76C1-4EE4-9A3C-2891C0093350}"
	ProjectSection(SolutionItems) = preProject
		architecture.txt = architecture.txt
		global.json = global.json
		todo.txt = todo.txt
	EndProjectSection
EndProject
Project("{9A19103F-16F7-4668-BE54-9A1E7A4F7556}") = "mlShared", "src\mlShared\mlShared.csproj", "{AD1FDBB1-F938-4108-A7DD-70869415096F}"
EndProject
Project("{9A19103F-16F7-4668-BE54-9A1E7A4F7556}") = "mlWebsite", "src\mlWebsite\mlWebsite.csproj", "{AF7D11DE-1540-4381-8BBA-02136763291B}"
EndProject
Project("{FAE04EC0-301F-11D3-BF4B-00C04F79EFBC}") = "ServicesEmulator", "ServicesEmulator\ServicesEmulator.csproj", "{1DB72D11-9EC3-4460-9984-7DFA144FB877}"
EndProject
Global
	GlobalSection(SolutionConfigurationPlatforms) = preSolution
		Debug|Any CPU = Debug|Any CPU
		Release|Any CPU = Release|Any CPU
	EndGlobalSection
	GlobalSection(ProjectConfigurationPlatforms) = postSolution
		{AD1FDBB1-F938-4108-A7DD-70869415096F}.Debug|Any CPU.ActiveCfg = Debug|Any CPU
		{AD1FDBB1-F938-4108-A7DD-70869415096F}.Debug|Any CPU.Build.0 = Debug|Any CPU
		{AD1FDBB1-F938-4108-A7DD-70869415096F}.Release|Any CPU.ActiveCfg = Release|Any CPU
		{AD1FDBB1-F938-4108-A7DD-70869415096F}.Release|Any CPU.Build.0 = Release|Any CPU
		{AF7D11DE-1540-4381-8BBA-02136763291B}.Debug|Any CPU.ActiveCfg = Debug|Any CPU
		{AF7D11DE-1540-4381-8BBA-02136763291B}.Debug|Any CPU.Build.0 = Debug|Any CPU
		{AF7D11DE-1540-4381-8BBA-02136763291B}.Release|Any CPU.ActiveCfg = Release|Any CPU
		{AF7D11DE-1540-4381-8BBA-02136763291B}.Release|Any CPU.Build.0 = Release|Any CPU
		{1DB72D11-9EC3-4460-9984-7DFA144FB877}.Debug|Any CPU.ActiveCfg = Debug|Any CPU
		{1DB72D11-9EC3-4460-9984-7DFA144FB877}.Debug|Any CPU.Build.0 = Debug|Any CPU
		{1DB72D11-9EC3-4460-9984-7DFA144FB877}.Release|Any CPU.ActiveCfg = Release|Any CPU
		{1DB72D11-9EC3-4460-9984-7DFA144FB877}.Release|Any CPU.Build.0 = Release|Any CPU
	EndGlobalSection
	GlobalSection(SolutionProperties) = preSolution
		HideSolutionNode = FALSE
	EndGlobalSection
	GlobalSection(NestedProjects) = preSolution
		{AD1FDBB1-F938-4108-A7DD-70869415096F} = {B78CF3D1-77E7-4170-8E4A-500CA45D0D5A}
		{AF7D11DE-1540-4381-8BBA-02136763291B} = {B78CF3D1-77E7-4170-8E4A-500CA45D0D5A}
	EndGlobalSection
EndGlobal
